
Microsoft Visual Studio Solution File, Format Version 12.00
# Visual Studio 14
VisualStudioVersion = 14.0.23107.0
MinimumVisualStudioVersion = 10.0.40219.1
Project("{FAE04EC0-301F-11D3-BF4B-00C04F79EFBC}") = "ProCBLL", "ProCBLL\ProCBLL.csproj", "{661FE162-E8DE-42C4-9A24-980CE5BFB8F9}"
EndProject
Project("{FAE04EC0-301F-11D3-BF4B-00C04F79EFBC}") = "ProCDAL", "ProCDAL\ProCDAL.csproj", "{5BA22125-6354-4954-9DA4-87C8C2FC65B0}"
EndProject
Project("{FAE04EC0-301F-11D3-BF4B-00C04F79EFBC}") = "ProCModel", "ProCModel\ProCModel.csproj", "{6EB93C6A-4818-484E-A35C-507E173C36DE}"
EndProject
Project("{FAE04EC0-301F-11D3-BF4B-00C04F79EFBC}") = "ProCCommon", "ProCCommon\ProCCommon.csproj", "{FEEB7B58-FE8C-4910-93FE-A7A97F0E88A8}"
EndProject
Project("{FAE04EC0-301F-11D3-BF4B-00C04F79EFBC}") = "ProCUI", "ProCUI\ProCUI.csproj", "{31E81ED6-38C3-4F70-A195-8C87DDFF7BAF}"
EndProject
Global
	GlobalSection(SolutionConfigurationPlatforms) = preSolution
		Debug|Any CPU = Debug|Any CPU
		Release|Any CPU = Release|Any CPU
	EndGlobalSection
	GlobalSection(ProjectConfigurationPlatforms) = postSolution
		{661FE162-E8DE-42C4-9A24-980CE5BFB8F9}.Debug|Any CPU.ActiveCfg = Debug|Any CPU
		{661FE162-E8DE-42C4-9A24-980CE5BFB8F9}.Debug|Any CPU.Build.0 = Debug|Any CPU
		{661FE162-E8DE-42C4-9A24-980CE5BFB8F9}.Release|Any CPU.ActiveCfg = Release|Any CPU
		{661FE162-E8DE-42C4-9A24-980CE5BFB8F9}.Release|Any CPU.Build.0 = Release|Any CPU
		{5BA22125-6354-4954-9DA4-87C8C2FC65B0}.Debug|Any CPU.ActiveCfg = Debug|Any CPU
		{5BA22125-6354-4954-9DA4-87C8C2FC65B0}.Debug|Any CPU.Build.0 = Debug|Any CPU
		{5BA22125-6354-4954-9DA4-87C8C2FC65B0}.Release|Any CPU.ActiveCfg = Release|Any CPU
		{5BA22125-6354-4954-9DA4-87C8C2FC65B0}.Release|Any CPU.Build.0 = Release|Any CPU
		{6EB93C6A-4818-484E-A35C-507E173C36DE}.Debug|Any CPU.ActiveCfg = Debug|Any CPU
		{6EB93C6A-4818-484E-A35C-507E173C36DE}.Debug|Any CPU.Build.0 = Debug|Any CPU
		{6EB93C6A-4818-484E-A35C-507E173C36DE}.Release|Any CPU.ActiveCfg = Release|Any CPU
		{6EB93C6A-4818-484E-A35C-507E173C36DE}.Release|Any CPU.Build.0 = Release|Any CPU
		{FEEB7B58-FE8C-4910-93FE-A7A97F0E88A8}.Debug|Any CPU.ActiveCfg = Debug|Any CPU
		{FEEB7B58-FE8C-4910-93FE-A7A97F0E88A8}.Debug|Any CPU.Build.0 = Debug|Any CPU
		{FEEB7B58-FE8C-4910-93FE-A7A97F0E88A8}.Release|Any CPU.ActiveCfg = Release|Any CPU
		{FEEB7B58-FE8C-4910-93FE-A7A97F0E88A8}.Release|Any CPU.Build.0 = Release|Any CPU
		{31E81ED6-38C3-4F70-A195-8C87DDFF7BAF}.Debug|Any CPU.ActiveCfg = Debug|Any CPU
		{31E81ED6-38C3-4F70-A195-8C87DDFF7BAF}.Debug|Any CPU.Build.0 = Debug|Any CPU
		{31E81ED6-38C3-4F70-A195-8C87DDFF7BAF}.Release|Any CPU.ActiveCfg = Release|Any CPU
		{31E81ED6-38C3-4F70-A195-8C87DDFF7BAF}.Release|Any CPU.Build.0 = Release|Any CPU
	EndGlobalSection
	GlobalSection(SolutionProperties) = preSolution
		HideSolutionNode = FALSE
	EndGlobalSection
EndGlobal
